
Microsoft Visual Studio Solution File, Format Version 12.00
# Visual Studio Version 16
VisualStudioVersion = 16.0.32228.343
MinimumVisualStudioVersion = 10.0.40219.1
Project("{FAE04EC0-301F-11D3-BF4B-00C04F79EFBC}") = "Presentacion", "Presentacion\Presentacion.csproj", "{086B9454-C82C-4CAA-92D1-DD997C2491EE}"
EndProject
Project("{FAE04EC0-301F-11D3-BF4B-00C04F79EFBC}") = "Domain", "Domain\Domain.csproj", "{C14FF54A-C576-437D-AD74-DC093BC02738}"
EndProject
Project("{FAE04EC0-301F-11D3-BF4B-00C04F79EFBC}") = "Infraestructure", "Infraestructure\Infraestructure.csproj", "{008C25E1-3EF4-4F24-9C08-B8C1E124C6BE}"
EndProject
Project("{FAE04EC0-301F-11D3-BF4B-00C04F79EFBC}") = "AppCore", "AppCore\AppCore.csproj", "{0FFEF74F-DBDF-48AA-B02B-D01CB7976945}"
EndProject
Global
	GlobalSection(SolutionConfigurationPlatforms) = preSolution
		Debug|Any CPU = Debug|Any CPU
		Release|Any CPU = Release|Any CPU
	EndGlobalSection
	GlobalSection(ProjectConfigurationPlatforms) = postSolution
		{086B9454-C82C-4CAA-92D1-DD997C2491EE}.Debug|Any CPU.ActiveCfg = Debug|Any CPU
		{086B9454-C82C-4CAA-92D1-DD997C2491EE}.Debug|Any CPU.Build.0 = Debug|Any CPU
		{086B9454-C82C-4CAA-92D1-DD997C2491EE}.Release|Any CPU.ActiveCfg = Release|Any CPU
		{086B9454-C82C-4CAA-92D1-DD997C2491EE}.Release|Any CPU.Build.0 = Release|Any CPU
		{C14FF54A-C576-437D-AD74-DC093BC02738}.Debug|Any CPU.ActiveCfg = Debug|Any CPU
		{C14FF54A-C576-437D-AD74-DC093BC02738}.Debug|Any CPU.Build.0 = Debug|Any CPU
		{C14FF54A-C576-437D-AD74-DC093BC02738}.Release|Any CPU.ActiveCfg = Release|Any CPU
		{C14FF54A-C576-437D-AD74-DC093BC02738}.Release|Any CPU.Build.0 = Release|Any CPU
		{008C25E1-3EF4-4F24-9C08-B8C1E124C6BE}.Debug|Any CPU.ActiveCfg = Debug|Any CPU
		{008C25E1-3EF4-4F24-9C08-B8C1E124C6BE}.Debug|Any CPU.Build.0 = Debug|Any CPU
		{008C25E1-3EF4-4F24-9C08-B8C1E124C6BE}.Release|Any CPU.ActiveCfg = Release|Any CPU
		{008C25E1-3EF4-4F24-9C08-B8C1E124C6BE}.Release|Any CPU.Build.0 = Release|Any CPU
		{0FFEF74F-DBDF-48AA-B02B-D01CB7976945}.Debug|Any CPU.ActiveCfg = Debug|Any CPU
		{0FFEF74F-DBDF-48AA-B02B-D01CB7976945}.Debug|Any CPU.Build.0 = Debug|Any CPU
		{0FFEF74F-DBDF-48AA-B02B-D01CB7976945}.Release|Any CPU.ActiveCfg = Release|Any CPU
		{0FFEF74F-DBDF-48AA-B02B-D01CB7976945}.Release|Any CPU.Build.0 = Release|Any CPU
	EndGlobalSection
	GlobalSection(SolutionProperties) = preSolution
		HideSolutionNode = FALSE
	EndGlobalSection
	GlobalSection(ExtensibilityGlobals) = postSolution
		SolutionGuid = {91167A2A-A589-48C5-BE78-3E277A97EA84}
	EndGlobalSection
EndGlobal
